
Microsoft Visual Studio Solution File, Format Version 12.00
# Visual Studio Version 17
VisualStudioVersion = 17.3.32922.545
MinimumVisualStudioVersion = 10.0.40219.1
Project("{2150E333-8FDC-42A3-9474-1A3956D46DE8}") = "src", "src", "{5E83F72B-47CF-4AEE-9FF7-C6FC0B252E16}"
EndProject
Project("{2150E333-8FDC-42A3-9474-1A3956D46DE8}") = "Building Blocks", "Building Blocks", "{0012317A-6178-4284-917B-1689026DEC6B}"
EndProject
Project("{2150E333-8FDC-42A3-9474-1A3956D46DE8}") = "Services", "Services", "{FB5DEF1E-2D86-44B5-BDB7-E7B04FF723D5}"
EndProject
Project("{2150E333-8FDC-42A3-9474-1A3956D46DE8}") = "Web", "Web", "{19F7B69A-03BD-484B-8393-2CC054892F14}"
EndProject
Project("{2150E333-8FDC-42A3-9474-1A3956D46DE8}") = "Identidade", "Identidade", "{0667687D-A4BF-4ED3-BA32-779E8955D3CA}"
EndProject
Project("{2150E333-8FDC-42A3-9474-1A3956D46DE8}") = "MVC", "MVC", "{A50C968C-DE36-4F54-A749-98EA3AE4C4BC}"
EndProject
Project("{FAE04EC0-301F-11D3-BF4B-00C04F79EFBC}") = "NSE.WebApp.MVC", "src\web\NSE.WebApp.MVC\NSE.WebApp.MVC.csproj", "{BFA6CBF8-065E-4621-898E-E0C9C6F585C9}"
EndProject
Project("{2150E333-8FDC-42A3-9474-1A3956D46DE8}") = "Core", "Core", "{BB34CD51-C3F4-4AF9-86EE-CE3F2A0239DD}"
EndProject
Project("{FAE04EC0-301F-11D3-BF4B-00C04F79EFBC}") = "NSE.Core", "src\building blocks\NSE.Core\NSE.Core.csproj", "{C081509A-CA92-479C-8E0B-CD6594BD7066}"
EndProject
Project("{2150E333-8FDC-42A3-9474-1A3956D46DE8}") = "Carrinho", "Carrinho", "{551E622E-516A-477E-AF3A-5B91CE67429C}"
EndProject
Project("{2150E333-8FDC-42A3-9474-1A3956D46DE8}") = "Catalogo", "Catalogo", "{F3CE17F2-D923-43AE-A645-AA95EA086381}"
EndProject
Project("{2150E333-8FDC-42A3-9474-1A3956D46DE8}") = "Cliente", "Cliente", "{AAF88B82-E4FA-4DD2-AC5E-D490F434431F}"
EndProject
Project("{2150E333-8FDC-42A3-9474-1A3956D46DE8}") = "Pagamento", "Pagamento", "{A7D180C7-2F3C-43F4-B267-B22265FE6C32}"
EndProject
Project("{2150E333-8FDC-42A3-9474-1A3956D46DE8}") = "Pedido", "Pedido", "{D97E6767-D52C-49A3-AFF3-560C63E273F0}"
EndProject
Project("{FAE04EC0-301F-11D3-BF4B-00C04F79EFBC}") = "NSE.Identidade.API", "src\services\NSE.Identidade.API\NSE.Identidade.API.csproj", "{091E936B-246B-4382-9C7F-83AE7D96C571}"
EndProject
Project("{FAE04EC0-301F-11D3-BF4B-00C04F79EFBC}") = "NSE.Carrinho.API", "src\services\NSE.Carrinho.API\NSE.Carrinho.API.csproj", "{3B86AFA2-481B-4888-A49C-72DCF3579D55}"
EndProject
Project("{FAE04EC0-301F-11D3-BF4B-00C04F79EFBC}") = "NSE.Catalogo.API", "src\services\NSE.Catalogo.API\NSE.Catalogo.API.csproj", "{CCA6447C-8FD2-47A3-8F75-21AA581300B0}"
EndProject
Project("{FAE04EC0-301F-11D3-BF4B-00C04F79EFBC}") = "NSE.Cliente.API", "src\services\NSE.Cliente.API\NSE.Cliente.API.csproj", "{84531F56-507F-4265-9017-213A9461C886}"
EndProject
Project("{FAE04EC0-301F-11D3-BF4B-00C04F79EFBC}") = "NSE.Pagamento.API", "src\services\NSE.Pagamento.API\NSE.Pagamento.API.csproj", "{244F398D-DEAA-4983-A41F-3CB1DC963886}"
EndProject
Project("{FAE04EC0-301F-11D3-BF4B-00C04F79EFBC}") = "NSE.Pedido.API", "src\services\NSE.Pedido.API\NSE.Pedido.API.csproj", "{6C0B9F3C-C363-4CF2-B896-F720F9DF96C7}"
EndProject
Global
	GlobalSection(SolutionConfigurationPlatforms) = preSolution
		Debug|Any CPU = Debug|Any CPU
		Release|Any CPU = Release|Any CPU
	EndGlobalSection
	GlobalSection(ProjectConfigurationPlatforms) = postSolution
		{BFA6CBF8-065E-4621-898E-E0C9C6F585C9}.Debug|Any CPU.ActiveCfg = Debug|Any CPU
		{BFA6CBF8-065E-4621-898E-E0C9C6F585C9}.Debug|Any CPU.Build.0 = Debug|Any CPU
		{BFA6CBF8-065E-4621-898E-E0C9C6F585C9}.Release|Any CPU.ActiveCfg = Release|Any CPU
		{BFA6CBF8-065E-4621-898E-E0C9C6F585C9}.Release|Any CPU.Build.0 = Release|Any CPU
		{C081509A-CA92-479C-8E0B-CD6594BD7066}.Debug|Any CPU.ActiveCfg = Debug|Any CPU
		{C081509A-CA92-479C-8E0B-CD6594BD7066}.Debug|Any CPU.Build.0 = Debug|Any CPU
		{C081509A-CA92-479C-8E0B-CD6594BD7066}.Release|Any CPU.ActiveCfg = Release|Any CPU
		{C081509A-CA92-479C-8E0B-CD6594BD7066}.Release|Any CPU.Build.0 = Release|Any CPU
		{091E936B-246B-4382-9C7F-83AE7D96C571}.Debug|Any CPU.ActiveCfg = Debug|Any CPU
		{091E936B-246B-4382-9C7F-83AE7D96C571}.Debug|Any CPU.Build.0 = Debug|Any CPU
		{091E936B-246B-4382-9C7F-83AE7D96C571}.Release|Any CPU.ActiveCfg = Release|Any CPU
		{091E936B-246B-4382-9C7F-83AE7D96C571}.Release|Any CPU.Build.0 = Release|Any CPU
		{3B86AFA2-481B-4888-A49C-72DCF3579D55}.Debug|Any CPU.ActiveCfg = Debug|Any CPU
		{3B86AFA2-481B-4888-A49C-72DCF3579D55}.Debug|Any CPU.Build.0 = Debug|Any CPU
		{3B86AFA2-481B-4888-A49C-72DCF3579D55}.Release|Any CPU.ActiveCfg = Release|Any CPU
		{3B86AFA2-481B-4888-A49C-72DCF3579D55}.Release|Any CPU.Build.0 = Release|Any CPU
		{CCA6447C-8FD2-47A3-8F75-21AA581300B0}.Debug|Any CPU.ActiveCfg = Debug|Any CPU
		{CCA6447C-8FD2-47A3-8F75-21AA581300B0}.Debug|Any CPU.Build.0 = Debug|Any CPU
		{CCA6447C-8FD2-47A3-8F75-21AA581300B0}.Release|Any CPU.ActiveCfg = Release|Any CPU
		{CCA6447C-8FD2-47A3-8F75-21AA581300B0}.Release|Any CPU.Build.0 = Release|Any CPU
		{84531F56-507F-4265-9017-213A9461C886}.Debug|Any CPU.ActiveCfg = Debug|Any CPU
		{84531F56-507F-4265-9017-213A9461C886}.Debug|Any CPU.Build.0 = Debug|Any CPU
		{84531F56-507F-4265-9017-213A9461C886}.Release|Any CPU.ActiveCfg = Release|Any CPU
		{84531F56-507F-4265-9017-213A9461C886}.Release|Any CPU.Build.0 = Release|Any CPU
		{244F398D-DEAA-4983-A41F-3CB1DC963886}.Debug|Any CPU.ActiveCfg = Debug|Any CPU
		{244F398D-DEAA-4983-A41F-3CB1DC963886}.Debug|Any CPU.Build.0 = Debug|Any CPU
		{244F398D-DEAA-4983-A41F-3CB1DC963886}.Release|Any CPU.ActiveCfg = Release|Any CPU
		{244F398D-DEAA-4983-A41F-3CB1DC963886}.Release|Any CPU.Build.0 = Release|Any CPU
		{6C0B9F3C-C363-4CF2-B896-F720F9DF96C7}.Debug|Any CPU.ActiveCfg = Debug|Any CPU
		{6C0B9F3C-C363-4CF2-B896-F720F9DF96C7}.Debug|Any CPU.Build.0 = Debug|Any CPU
		{6C0B9F3C-C363-4CF2-B896-F720F9DF96C7}.Release|Any CPU.ActiveCfg = Release|Any CPU
		{6C0B9F3C-C363-4CF2-B896-F720F9DF96C7}.Release|Any CPU.Build.0 = Release|Any CPU
	EndGlobalSection
	GlobalSection(SolutionProperties) = preSolution
		HideSolutionNode = FALSE
	EndGlobalSection
	GlobalSection(NestedProjects) = preSolution
		{0012317A-6178-4284-917B-1689026DEC6B} = {5E83F72B-47CF-4AEE-9FF7-C6FC0B252E16}
		{FB5DEF1E-2D86-44B5-BDB7-E7B04FF723D5} = {5E83F72B-47CF-4AEE-9FF7-C6FC0B252E16}
		{19F7B69A-03BD-484B-8393-2CC054892F14} = {5E83F72B-47CF-4AEE-9FF7-C6FC0B252E16}
		{0667687D-A4BF-4ED3-BA32-779E8955D3CA} = {FB5DEF1E-2D86-44B5-BDB7-E7B04FF723D5}
		{A50C968C-DE36-4F54-A749-98EA3AE4C4BC} = {19F7B69A-03BD-484B-8393-2CC054892F14}
		{BFA6CBF8-065E-4621-898E-E0C9C6F585C9} = {A50C968C-DE36-4F54-A749-98EA3AE4C4BC}
		{BB34CD51-C3F4-4AF9-86EE-CE3F2A0239DD} = {0012317A-6178-4284-917B-1689026DEC6B}
		{C081509A-CA92-479C-8E0B-CD6594BD7066} = {BB34CD51-C3F4-4AF9-86EE-CE3F2A0239DD}
		{551E622E-516A-477E-AF3A-5B91CE67429C} = {FB5DEF1E-2D86-44B5-BDB7-E7B04FF723D5}
		{F3CE17F2-D923-43AE-A645-AA95EA086381} = {FB5DEF1E-2D86-44B5-BDB7-E7B04FF723D5}
		{AAF88B82-E4FA-4DD2-AC5E-D490F434431F} = {FB5DEF1E-2D86-44B5-BDB7-E7B04FF723D5}
		{A7D180C7-2F3C-43F4-B267-B22265FE6C32} = {FB5DEF1E-2D86-44B5-BDB7-E7B04FF723D5}
		{D97E6767-D52C-49A3-AFF3-560C63E273F0} = {FB5DEF1E-2D86-44B5-BDB7-E7B04FF723D5}
		{091E936B-246B-4382-9C7F-83AE7D96C571} = {0667687D-A4BF-4ED3-BA32-779E8955D3CA}
		{3B86AFA2-481B-4888-A49C-72DCF3579D55} = {551E622E-516A-477E-AF3A-5B91CE67429C}
		{CCA6447C-8FD2-47A3-8F75-21AA581300B0} = {F3CE17F2-D923-43AE-A645-AA95EA086381}
		{84531F56-507F-4265-9017-213A9461C886} = {AAF88B82-E4FA-4DD2-AC5E-D490F434431F}
		{244F398D-DEAA-4983-A41F-3CB1DC963886} = {A7D180C7-2F3C-43F4-B267-B22265FE6C32}
		{6C0B9F3C-C363-4CF2-B896-F720F9DF96C7} = {D97E6767-D52C-49A3-AFF3-560C63E273F0}
	EndGlobalSection
	GlobalSection(ExtensibilityGlobals) = postSolution
		SolutionGuid = {A5B4D2AA-43B4-4943-A16C-F893D05AAC0D}
	EndGlobalSection
EndGlobal
